{
    "giggsey/libphonenumber-for-php": {
        "version": "8.12.26"
    },
    "giggsey/locale": {
        "version": "1.9"
    },
    "odolbeau/phone-number-bundle": {
        "version": "3.0",
        "recipe": {
            "repo": "github.com/symfony/recipes-contrib",
            "branch": "master",
            "version": "3.0",
            "ref": "4388686329b81291918a948cd42891829fb1de71"
        },
        "files": [
            "config/packages/misd_phone_number.yaml"
        ]
    }
}
